
Microsoft Visual Studio Solution File, Format Version 12.00
# Visual Studio Version 16
VisualStudioVersion = 16.0.32428.217
MinimumVisualStudioVersion = 10.0.40219.1
Project("{FAE04EC0-301F-11D3-BF4B-00C04F79EFBC}") = "Solari.Data.Access", "Solari.Data.Access.csproj", "{65B5D6D5-8444-4670-B98E-29E54E054FA8}"
EndProject
Global
	GlobalSection(SolutionConfigurationPlatforms) = preSolution
		Debug|Any CPU = Debug|Any CPU
		Release|Any CPU = Release|Any CPU
	EndGlobalSection
	GlobalSection(ProjectConfigurationPlatforms) = postSolution
		{65B5D6D5-8444-4670-B98E-29E54E054FA8}.Debug|Any CPU.ActiveCfg = Debug|Any CPU
		{65B5D6D5-8444-4670-B98E-29E54E054FA8}.Debug|Any CPU.Build.0 = Debug|Any CPU
		{65B5D6D5-8444-4670-B98E-29E54E054FA8}.Release|Any CPU.ActiveCfg = Release|Any CPU
		{65B5D6D5-8444-4670-B98E-29E54E054FA8}.Release|Any CPU.Build.0 = Release|Any CPU
	EndGlobalSection
	GlobalSection(SolutionProperties) = preSolution
		HideSolutionNode = FALSE
	EndGlobalSection
	GlobalSection(ExtensibilityGlobals) = postSolution
		SolutionGuid = {09963A18-8876-44EC-84CE-9B2FB3DD6B61}
	EndGlobalSection
EndGlobal
